lockfileVersion: '6.0'

settings:
  autoInstallPeers: true
  excludeLinksFromLockfile: false

dependencies:
  '@napi-rs/canvas':
    specifier: ^0.1.45
    version: 0.1.45

packages:

  /@napi-rs/canvas-android-arm64@0.1.45:
    resolution: {integrity: sha512-ogC8zhiuxzFK0qBg0RHOI+UJ9Ne7/fM2k1+E+VShuuf3DqFgLvu+d1L0MgM3SnqgzIaPNUyc78yleG/xMhBJjA==}
    engines: {node: '>= 10'}
    cpu: [arm64]
    os: [android]
    requiresBuild: true
    dev: false
    optional: true

  /@napi-rs/canvas-darwin-arm64@0.1.45:
    resolution: {integrity: sha512-7bbTZR6Y84SXau/WNUU+iskrnzXUva1RgF7Eto73mgkZa8KAXNLjCY/emN4Vjq2YxxI3BysVrRuZx53ZDVrFOQ==}
    engines: {node: '>= 10'}
    cpu: [arm64]
    os: [darwin]
    requiresBuild: true
    dev: false
    optional: true

  /@napi-rs/canvas-darwin-x64@0.1.45:
    resolution: {integrity: sha512-/JHRIpkedmOXSDTUKleQjTKKo0lZt9aajPLPhVGZDl50vrY5s6r2RPa4lwp3OXbb7YyIoeYTGioID0zP5bDF2w==}
    engines: {node: '>= 10'}
    cpu: [x64]
    os: [darwin]
    requiresBuild: true
    dev: false
    optional: true

  /@napi-rs/canvas-linux-arm-gnueabihf@0.1.45:
    resolution: {integrity: sha512-rcsMEzb+TgXFXwhqtde31wFh0d9eXiSsGh40EuntS3RKK67+6G2amDjtGedlUFwetdF2DZHx3eJgCkVpTzg1rg==}
    engines: {node: '>= 10'}
    cpu: [arm]
    os: [linux]
    requiresBuild: true
    dev: false
    optional: true

  /@napi-rs/canvas-linux-arm64-gnu@0.1.45:
    resolution: {integrity: sha512-IYXqmT4vx12XSPoNjQT0iKQdS79lNpafYqnEl27L3eTOV8Kh9W+f57lONNc/k05RUS0UD/H/aXv5vbRiGqn9Ng==}
    engines: {node: '>= 10'}
    cpu: [arm64]
    os: [linux]
    requiresBuild: true
    dev: false
    optional: true

  /@napi-rs/canvas-linux-arm64-musl@0.1.45:
    resolution: {integrity: sha512-gphILu2+CV9rj1cbklYRfWGGCOtlezwvszhlea6aus75AL4etQ4xlWn2DKHz8vphh13cRHS8QbChCUmwLuxdgg==}
    engines: {node: '>= 10'}
    cpu: [arm64]
    os: [linux]
    requiresBuild: true
    dev: false
    optional: true

  /@napi-rs/canvas-linux-x64-gnu@0.1.45:
    resolution: {integrity: sha512-gROXfmw5lmVZe6lRjxi1oX1VsmPAHA6kv2Kvl3j/g/maNm3KgLRE1sfolCbGvSglKyUvXQiemyUUEcnhppCDrA==}
    engines: {node: '>= 10'}
    cpu: [x64]
    os: [linux]
    requiresBuild: true
    dev: false
    optional: true

  /@napi-rs/canvas-linux-x64-musl@0.1.45:
    resolution: {integrity: sha512-hAgc/t03w+WwyR9ntc0kJpSqd2KNrx7l03+qrbdoYL95MP2sC4ycdhAC8UWM0zqowATBd2sOdGSrXdeHZihyzQ==}
    engines: {node: '>= 10'}
    cpu: [x64]
    os: [linux]
    requiresBuild: true
    dev: false
    optional: true

  /@napi-rs/canvas-win32-x64-msvc@0.1.45:
    resolution: {integrity: sha512-gnYuSuNrKJojIaqWdZjAC5h92RPW9vdKKhPJzQgZPtUkQJ7Do3JfIDQObg7TS3E18Zf6A5+fRo25VIcKhCJvMg==}
    engines: {node: '>= 10'}
    cpu: [x64]
    os: [win32]
    requiresBuild: true
    dev: false
    optional: true

  /@napi-rs/canvas@0.1.45:
    resolution: {integrity: sha512-6BBOL62RvY8JFFpnScVT4BLJha/yya/NNtP2K1rIlhnLgfnzAQxKCISoLZZHjBVox6ngBOR4hHqJRoqoLFXhZQ==}
    engines: {node: '>= 10'}
    optionalDependencies:
      '@napi-rs/canvas-android-arm64': 0.1.45
      '@napi-rs/canvas-darwin-arm64': 0.1.45
      '@napi-rs/canvas-darwin-x64': 0.1.45
      '@napi-rs/canvas-linux-arm-gnueabihf': 0.1.45
      '@napi-rs/canvas-linux-arm64-gnu': 0.1.45
      '@napi-rs/canvas-linux-arm64-musl': 0.1.45
      '@napi-rs/canvas-linux-x64-gnu': 0.1.45
      '@napi-rs/canvas-linux-x64-musl': 0.1.45
      '@napi-rs/canvas-win32-x64-msvc': 0.1.45
    dev: false
